{
    "_readme": [
        "This file locks the dependencies of your project to a known state",
        "Read more about it at https://getcomposer.org/doc/01-basic-usage.md#installing-dependencies",
        "This file is @generated automatically"
    ],
    "content-hash": "6fcddf48e325b01cb5e075665f89c9aa",
    "packages": [
        {
            "name": "geminilabs/castor-framework",
            "version": "v1.1.9",
            "source": {
                "type": "git",
                "url": "https://github.com/geminilabs/castor-framework.git",
                "reference": "c76e0507662d1cfa5c1a4f277191de1a26efa0e3"
            },
            "dist": {
                "type": "zip",
                "url": "https://api.github.com/repos/geminilabs/castor-framework/zipball/c76e0507662d1cfa5c1a4f277191de1a26efa0e3",
                "reference": "c76e0507662d1cfa5c1a4f277191de1a26efa0e3",
                "shasum": ""
            },
            "require": {
                "php": ">=5.6.4"
            },
            "type": "library",
            "autoload": {
                "psr-4": {
                    "GeminiLabs\\Castor\\": "src/"
                }
            },
            "notification-url": "https://packagist.org/downloads/",
            "license": [
                "MIT"
            ],
            "authors": [
                {
                    "name": "Paul Ryley",
                    "email": "paul@geminilabs.io"
                }
            ],
            "description": "Framework for Dioscuri's Castor theme.",
            "homepage": "https://github.com/geminilabs/castor-framework",
            "keywords": [
                "castor",
                "dioscuri",
                "framework",
                "wordpress"
            ],
            "time": "2018-04-06T14:51:03+00:00"
        }
    ],
    "packages-dev": [],
    "aliases": [],
    "minimum-stability": "dev",
    "stability-flags": [],
    "prefer-stable": true,
    "prefer-lowest": false,
    "platform": {
        "php": ">=5.6.4"
    },
    "platform-dev": []
}
