{
    "_readme": [
        "This file locks the dependencies of your project to a known state",
        "Read more about it at https://getcomposer.org/doc/01-basic-usage.md#installing-dependencies",
        "This file is @generated automatically"
    ],
    "content-hash": "c99d361cc9e95094f7636643b01081cd",
    "packages": [
        {
            "name": "geminilabs/castor-framework",
            "version": "v1.2.0",
            "source": {
                "type": "git",
                "url": "https://github.com/pryley/castor-framework.git",
                "reference": "bc604e2a8a15496f98e9a5c45cda63a0b900bdd3"
            },
            "dist": {
                "type": "zip",
                "url": "https://api.github.com/repos/pryley/castor-framework/zipball/bc604e2a8a15496f98e9a5c45cda63a0b900bdd3",
                "reference": "bc604e2a8a15496f98e9a5c45cda63a0b900bdd3",
                "shasum": ""
            },
            "require": {
                "php": ">=5.6.4"
            },
            "type": "library",
            "autoload": {
                "psr-4": {
                    "GeminiLabs\\Castor\\": "src/"
                }
            },
            "notification-url": "https://packagist.org/downloads/",
            "license": [
                "MIT"
            ],
            "authors": [
                {
                    "name": "Paul Ryley",
                    "email": "paul@geminilabs.io"
                }
            ],
            "description": "Framework for Dioscuri's Castor theme.",
            "homepage": "https://github.com/pryley/castor-framework",
            "keywords": [
                "castor",
                "dioscuri",
                "framework",
                "wordpress"
            ],
            "time": "2019-08-07T09:32:41+00:00"
        }
    ],
    "packages-dev": [],
    "aliases": [],
    "minimum-stability": "dev",
    "stability-flags": [],
    "prefer-stable": true,
    "prefer-lowest": false,
    "platform": {
        "php": ">=7.1.0"
    },
    "platform-dev": []
}
